
Microsoft Visual Studio Solution File, Format Version 12.00
# Visual Studio 15
VisualStudioVersion = 15.0.27428.2037
MinimumVisualStudioVersion = 10.0.40219.1
Project("{8BC9CEB8-8B4A-11D0-8D11-00A0C91BC942}") = "Banking System", "Banking System\Banking System.vcxproj", "{613BC529-34E9-4F05-8214-8088000C3634}"
EndProject
Project("{8BC9CEB8-8B4A-11D0-8D11-00A0C91BC942}") = "Cpp_class", "..\Cpp_class\Cpp_class\Cpp_class.vcxproj", "{42485ED4-1AF2-4DF5-AAE7-ED289591243A}"
EndProject
Global
	GlobalSection(SolutionConfigurationPlatforms) = preSolution
		Debug|x64 = Debug|x64
		Debug|x86 = Debug|x86
		Release|x64 = Release|x64
		Release|x86 = Release|x86
	EndGlobalSection
	GlobalSection(ProjectConfigurationPlatforms) = postSolution
		{613BC529-34E9-4F05-8214-8088000C3634}.Debug|x64.ActiveCfg = Debug|x64
		{613BC529-34E9-4F05-8214-8088000C3634}.Debug|x64.Build.0 = Debug|x64
		{613BC529-34E9-4F05-8214-8088000C3634}.Debug|x86.ActiveCfg = Debug|Win32
		{613BC529-34E9-4F05-8214-8088000C3634}.Debug|x86.Build.0 = Debug|Win32
		{613BC529-34E9-4F05-8214-8088000C3634}.Release|x64.ActiveCfg = Release|x64
		{613BC529-34E9-4F05-8214-8088000C3634}.Release|x64.Build.0 = Release|x64
		{613BC529-34E9-4F05-8214-8088000C3634}.Release|x86.ActiveCfg = Release|Win32
		{613BC529-34E9-4F05-8214-8088000C3634}.Release|x86.Build.0 = Release|Win32
		{42485ED4-1AF2-4DF5-AAE7-ED289591243A}.Debug|x64.ActiveCfg = Debug|x64
		{42485ED4-1AF2-4DF5-AAE7-ED289591243A}.Debug|x64.Build.0 = Debug|x64
		{42485ED4-1AF2-4DF5-AAE7-ED289591243A}.Debug|x86.ActiveCfg = Debug|Win32
		{42485ED4-1AF2-4DF5-AAE7-ED289591243A}.Debug|x86.Build.0 = Debug|Win32
		{42485ED4-1AF2-4DF5-AAE7-ED289591243A}.Release|x64.ActiveCfg = Release|x64
		{42485ED4-1AF2-4DF5-AAE7-ED289591243A}.Release|x64.Build.0 = Release|x64
		{42485ED4-1AF2-4DF5-AAE7-ED289591243A}.Release|x86.ActiveCfg = Release|Win32
		{42485ED4-1AF2-4DF5-AAE7-ED289591243A}.Release|x86.Build.0 = Release|Win32
	EndGlobalSection
	GlobalSection(SolutionProperties) = preSolution
		HideSolutionNode = FALSE
	EndGlobalSection
	GlobalSection(ExtensibilityGlobals) = postSolution
		SolutionGuid = {A0138EFD-52CA-409B-8D83-4978309BE459}
	EndGlobalSection
EndGlobal
