
Microsoft Visual Studio Solution File, Format Version 12.00
# Visual Studio 15
VisualStudioVersion = 15.0.27428.2037
MinimumVisualStudioVersion = 10.0.40219.1
Project("{8BC9CEB8-8B4A-11D0-8D11-00A0C91BC942}") = "Message Handler", "Message Handler.vcxproj", "{20918713-6BC0-4B62-A6DD-A918A6166BE1}"
EndProject
Global
	GlobalSection(SolutionConfigurationPlatforms) = preSolution
		Debug|x64 = Debug|x64
		Debug|x86 = Debug|x86
		Release|x64 = Release|x64
		Release|x86 = Release|x86
	EndGlobalSection
	GlobalSection(ProjectConfigurationPlatforms) = postSolution
		{20918713-6BC0-4B62-A6DD-A918A6166BE1}.Debug|x64.ActiveCfg = Debug|x64
		{20918713-6BC0-4B62-A6DD-A918A6166BE1}.Debug|x64.Build.0 = Debug|x64
		{20918713-6BC0-4B62-A6DD-A918A6166BE1}.Debug|x86.ActiveCfg = Debug|Win32
		{20918713-6BC0-4B62-A6DD-A918A6166BE1}.Debug|x86.Build.0 = Debug|Win32
		{20918713-6BC0-4B62-A6DD-A918A6166BE1}.Release|x64.ActiveCfg = Release|x64
		{20918713-6BC0-4B62-A6DD-A918A6166BE1}.Release|x64.Build.0 = Release|x64
		{20918713-6BC0-4B62-A6DD-A918A6166BE1}.Release|x86.ActiveCfg = Release|Win32
		{20918713-6BC0-4B62-A6DD-A918A6166BE1}.Release|x86.Build.0 = Release|Win32
	EndGlobalSection
	GlobalSection(SolutionProperties) = preSolution
		HideSolutionNode = FALSE
	EndGlobalSection
	GlobalSection(ExtensibilityGlobals) = postSolution
		SolutionGuid = {24DE9A6A-A9F5-4F5D-884C-E109CB904E0B}
	EndGlobalSection
EndGlobal
